uuid: c54900b5-83ca-4836-a1c7-5086d670c949
langcode: en
status: true
dependencies:
  module:
    - myform
  theme:
    - mayo
id: mayo_mycustomblock
theme: mayo
region: sidebar_second
weight: 0
provider: null
plugin: my_block
settings:
  id: my_block
  label: 'My Customblock'
  provider: myform
  label_display: visible
visibility: {  }
