uuid: 90124f1f-d686-4e8d-9d95-30775326c66f
langcode: en
status: true
dependencies:
  module:
    - weather
  theme:
    - mayur
id: weatherblock
theme: mayur
region: sidebar_first
weight: -11
provider: null
plugin: weather_block
settings:
  id: weather_block
  label: 'Weather Block'
  provider: weather
  label_display: visible
  city: pune
  description: 'hello punekar'
  image:
    - '53'
visibility: {  }
