uuid: f653da87-4a65-4428-8ddf-3df150da85f6
langcode: en
status: true
dependencies:
  module:
    - weather
  theme:
    - mayur
id: weatherblock
theme: mayur
region: sidebar_first
weight: 0
provider: null
plugin: weather_block
settings:
  id: weather_block
  label: 'Weather Block'
  provider: weather
  label_display: visible
  city: pune
  description: 'hello punekar'
  image:
    - '69'
visibility: {  }
