uuid: 56db81d9-a31d-493f-b4a5-e6ec306f944b
langcode: en
status: true
dependencies:
  module:
    - myform
  theme:
    - mayur
id: mayur_mycustomblock
theme: mayur
region: sidebar_second
weight: 0
provider: null
plugin: my_block
settings:
  id: my_block
  label: 'My Customblock'
  provider: myform
  label_display: visible
visibility: {  }
